PODS:
  - FLAnimatedImage (1.0.8)
  - NYTPhotoViewer/AnimatedGifSupport (0.1.2):
    - FLAnimatedImage
    - NYTPhotoViewer/Core
  - NYTPhotoViewer/Core (0.1.2)
  - OCMock (3.1.2)

DEPENDENCIES:
  - NYTPhotoViewer/AnimatedGifSupport (from `../`)
  - OCMock (~> 3.1)

EXTERNAL SOURCES:
  NYTPhotoViewer:
    :path: ../

SPEC CHECKSUMS:
  FLAnimatedImage: f9422f796135aff80d8c00b2afc48015bb746e24
  NYTPhotoViewer: 6666b938c938df732bdfbe9bff3148fb3689a8c4
  OCMock: a10ea9f0a6e921651f96f78b6faee95ebc813b92

COCOAPODS: 0.38.2
