PODS:
  - NYTPhotoViewer (0.1.2)
  - OCMock (3.1.2)

DEPENDENCIES:
  - NYTPhotoViewer (from `../`)
  - OCMock (~> 3.1)

EXTERNAL SOURCES:
  NYTPhotoViewer:
    :path: ../

SPEC CHECKSUMS:
  NYTPhotoViewer: 038f7b2f917892aeee30a7220b416a0c8c22d6e7
  OCMock: ecdd510b73ef397f2f97274785c1e87fd147c49f

COCOAPODS: 0.35.0
