PODS:
  - NYTPhotoViewer (5.0.4):
    - NYTPhotoViewer/AnimatedGifSupport (= 5.0.4)
    - NYTPhotoViewer/Core (= 5.0.4)
  - NYTPhotoViewer/AnimatedGifSupport (5.0.4):
    - NYTPhotoViewer/Core
    - PINRemoteImage/iOS (~> 3.0.3)
    - PINRemoteImage/PINCache
  - NYTPhotoViewer/Core (5.0.4)
  - PINCache (3.0.3):
    - PINCache/Arc-exception-safe (= 3.0.3)
    - PINCache/Core (= 3.0.3)
  - PINCache/Arc-exception-safe (3.0.3):
    - PINCache/Core
  - PINCache/Core (3.0.3):
    - PINOperation (~> 1.2.1)
  - PINOperation (1.2.1)
  - PINRemoteImage/Core (3.0.3):
    - PINOperation
  - PINRemoteImage/iOS (3.0.3):
    - PINRemoteImage/Core
  - PINRemoteImage/PINCache (3.0.3):
    - PINCache (~> 3.0.3)
    - PINRemoteImage/Core

DEPENDENCIES:
  - NYTPhotoViewer (from `.`)

SPEC REPOS:
  trunk:
    - PINCache
    - PINOperation
    - PINRemoteImage

EXTERNAL SOURCES:
  NYTPhotoViewer:
    :path: "."

SPEC CHECKSUMS:
  NYTPhotoViewer: 5ad45d6fac56f1ea64f36ac9dcd6ea0244c729c7
  PINCache: 7a8fc1a691173d21dbddbf86cd515de6efa55086
  PINOperation: 00c935935f1e8cf0d1e2d6b542e75b88fc3e5e20
  PINRemoteImage: f1295b29f8c5e640e25335a1b2bd9d805171bd01

PODFILE CHECKSUM: a506802c2f255a8a994c2e1bf7498c2ee78966bf

COCOAPODS: 1.10.0
