PODS:
  - NYTPhotoViewer (5.0.4):
    - NYTPhotoViewer/AnimatedGifSupport (= 5.0.4)
    - NYTPhotoViewer/Core (= 5.0.4)
  - NYTPhotoViewer/AnimatedGifSupport (5.0.4):
    - NYTPhotoViewer/Core
    - PINRemoteImage/iOS (~> 3.0.1)
    - PINRemoteImage/PINCache
  - NYTPhotoViewer/Core (5.0.4)
  - OCMock (3.7.1)
  - PINCache (3.0.3):
    - PINCache/Arc-exception-safe (= 3.0.3)
    - PINCache/Core (= 3.0.3)
  - PINCache/Arc-exception-safe (3.0.3):
    - PINCache/Core
  - PINCache/Core (3.0.3):
    - PINOperation (~> 1.2.1)
  - PINOperation (1.2.1)
  - PINRemoteImage/Core (3.0.3):
    - PINOperation
  - PINRemoteImage/iOS (3.0.3):
    - PINRemoteImage/Core
  - PINRemoteImage/PINCache (3.0.3):
    - PINCache (~> 3.0.3)
    - PINRemoteImage/Core

DEPENDENCIES:
  - NYTPhotoViewer (from `./NYTPhotoViewer`)
  - OCMock
  - PINRemoteImage/iOS (~> 3.0.1)
  - PINRemoteImage/PINCache

SPEC REPOS:
  trunk:
    - OCMock
    - PINCache
    - PINOperation
    - PINRemoteImage

EXTERNAL SOURCES:
  NYTPhotoViewer:
    :path: "./NYTPhotoViewer"

SPEC CHECKSUMS:
  NYTPhotoViewer: df89f12e0e110eb46a8052572575a8cd1216b256
  OCMock: 75fbeaa46a9b11f8c182bbb1d1f7e9a35ccc9955
  PINCache: 7a8fc1a691173d21dbddbf86cd515de6efa55086
  PINOperation: 00c935935f1e8cf0d1e2d6b542e75b88fc3e5e20
  PINRemoteImage: f1295b29f8c5e640e25335a1b2bd9d805171bd01

PODFILE CHECKSUM: 11eb8b0d0dc6eac487d76f934acbf777c31931a7

COCOAPODS: 1.10.0
