PODS:
  - FLAnimatedImage (1.0.17)
  - NYTPhotoViewer (5.0.8):
    - NYTPhotoViewer/AnimatedGifSupport (= 5.0.8)
    - NYTPhotoViewer/Core (= 5.0.8)
  - NYTPhotoViewer/AnimatedGifSupport (5.0.8):
    - FLAnimatedImage
    - NYTPhotoViewer/Core
  - NYTPhotoViewer/Core (5.0.8)
  - OCMock (3.7.1)

DEPENDENCIES:
  - NYTPhotoViewer (from `..`)
  - OCMock

SPEC REPOS:
  trunk:
    - FLAnimatedImage
    - OCMock

EXTERNAL SOURCES:
  NYTPhotoViewer:
    :path: ".."

SPEC CHECKSUMS:
  FLAnimatedImage: bbf914596368867157cc71b38a8ec834b3eeb32b
  NYTPhotoViewer: 56bb5fd5c90524ef2e8bd23e660440934bc5764d
  OCMock: 75fbeaa46a9b11f8c182bbb1d1f7e9a35ccc9955

PODFILE CHECKSUM: 2d91d58ac59e8440027da7c7b8b5f2e362fb3857

COCOAPODS: 1.11.3
